// !$*UTF8*$!
{
	archiveVersion = 1;
	classes = {
	};
	objectVersion = 46;
	objects = {

/* Begin PBXBuildFile section */
		9E4FED121F676FB4004FD535 /* main.m in Sources */ = {isa = PBXBuildFile; fileRef = 9E4FED111F676FB4004FD535 /* main.m */; };
		9E4FED151F676FB4004FD535 /* AppDelegate.m in Sources */ = {isa = PBXBuildFile; fileRef = 9E4FED141F676FB4004FD535 /* AppDelegate.m */; };
		9E4FED1E1F676FB4004FD535 /* ModelProject.xcdatamodeld in Sources */ = {isa = PBXBuildFile; fileRef = 9E4FED1C1F676FB4004FD535 /* ModelProject.xcdatamodeld */; };
		9E4FED201F676FB4004FD535 /* Assets.xcassets in Resources */ = {isa = PBXBuildFile; fileRef = 9E4FED1F1F676FB4004FD535 /* Assets.xcassets */; };
		9E4FED231F676FB4004FD535 /* LaunchScreen.storyboard in Resources */ = {isa = PBXBuildFile; fileRef = 9E4FED211F676FB4004FD535 /* LaunchScreen.storyboard */; };
		9E4FED2E1F67700D004FD535 /* ModelViewController.m in Sources */ = {isa = PBXBuildFile; fileRef = 9E4FED2C1F67700D004FD535 /* ModelViewController.m */; };
		9E4FED481F67AF8D004FD535 /* BaseNavigationController.m in Sources */ = {isa = PBXBuildFile; fileRef = 9E4FED471F67AF8D004FD535 /* BaseNavigationController.m */; };
		9E4FED4C1F67BB22004FD535 /* MainViewController.m in Sources */ = {isa = PBXBuildFile; fileRef = 9E4FED4B1F67BB22004FD535 /* MainViewController.m */; };
		9E4FED4F1F67D3BA004FD535 /* BusinessViewController.m in Sources */ = {isa = PBXBuildFile; fileRef = 9E4FED4E1F67D3BA004FD535 /* BusinessViewController.m */; };
		9E4FED521F67D3C3004FD535 /* OrderViewController.m in Sources */ = {isa = PBXBuildFile; fileRef = 9E4FED511F67D3C3004FD535 /* OrderViewController.m */; };
		9E4FED551F67D3CD004FD535 /* PersonalViewController.m in Sources */ = {isa = PBXBuildFile; fileRef = 9E4FED541F67D3CD004FD535 /* PersonalViewController.m */; };
		9E4FED5A1F67D9C1004FD535 /* GuideViewController.m in Sources */ = {isa = PBXBuildFile; fileRef = 9E4FED581F67D9C1004FD535 /* GuideViewController.m */; };
		9E4FED601F67E810004FD535 /* ADViewController.m in Sources */ = {isa = PBXBuildFile; fileRef = 9E4FED5F1F67E810004FD535 /* ADViewController.m */; };
		9E4FED631F67EACF004FD535 /* ADCircleView.m in Sources */ = {isa = PBXBuildFile; fileRef = 9E4FED621F67EACF004FD535 /* ADCircleView.m */; };
/* End PBXBuildFile section */

/* Begin PBXFileReference section */
		9E4FED0D1F676FB4004FD535 /* ModelProject.app */ = {isa = PBXFileReference; explicitFileType = wrapper.application; includeInIndex = 0; path = ModelProject.app; sourceTree = BUILT_PRODUCTS_DIR; };
		9E4FED111F676FB4004FD535 /* main.m */ = {isa = PBXFileReference; lastKnownFileType = sourcecode.c.objc; path = main.m; sourceTree = "<group>"; };
		9E4FED131F676FB4004FD535 /* AppDelegate.h */ = {isa = PBXFileReference; lastKnownFileType = sourcecode.c.h; path = AppDelegate.h; sourceTree = "<group>"; };
		9E4FED141F676FB4004FD535 /* AppDelegate.m */ = {isa = PBXFileReference; lastKnownFileType = sourcecode.c.objc; path = AppDelegate.m; sourceTree = "<group>"; };
		9E4FED1D1F676FB4004FD535 /* ModelProject.xcdatamodel */ = {isa = PBXFileReference; lastKnownFileType = wrapper.xcdatamodel; path = ModelProject.xcdatamodel; sourceTree = "<group>"; };
		9E4FED1F1F676FB4004FD535 /* Assets.xcassets */ = {isa = PBXFileReference; lastKnownFileType = folder.assetcatalog; path = Assets.xcassets; sourceTree = "<group>"; };
		9E4FED221F676FB4004FD535 /* Base */ = {isa = PBXFileReference; lastKnownFileType = file.storyboard; name = Base; path = Base.lproj/LaunchScreen.storyboard; sourceTree = "<group>"; };
		9E4FED241F676FB4004FD535 /* Info.plist */ = {isa = PBXFileReference; lastKnownFileType = text.plist.xml; path = Info.plist; sourceTree = "<group>"; };
		9E4FED2B1F67700D004FD535 /* ModelViewController.h */ = {isa = PBXFileReference; fileEncoding = 4; lastKnownFileType = sourcecode.c.h; path = ModelViewController.h; sourceTree = "<group>"; };
		9E4FED2C1F67700D004FD535 /* ModelViewController.m */ = {isa = PBXFileReference; fileEncoding = 4; lastKnownFileType = sourcecode.c.objc; path = ModelViewController.m; sourceTree = "<group>"; };
		9E4FED461F67AF8D004FD535 /* BaseNavigationController.h */ = {isa = PBXFileReference; fileEncoding = 4; lastKnownFileType = sourcecode.c.h; path = BaseNavigationController.h; sourceTree = "<group>"; };
		9E4FED471F67AF8D004FD535 /* BaseNavigationController.m */ = {isa = PBXFileReference; fileEncoding = 4; lastKnownFileType = sourcecode.c.objc; path = BaseNavigationController.m; sourceTree = "<group>"; };
		9E4FED4A1F67BB22004FD535 /* MainViewController.h */ = {isa = PBXFileReference; fileEncoding = 4; lastKnownFileType = sourcecode.c.h; path = MainViewController.h; sourceTree = "<group>"; };
		9E4FED4B1F67BB22004FD535 /* MainViewController.m */ = {isa = PBXFileReference; fileEncoding = 4; lastKnownFileType = sourcecode.c.objc; path = MainViewController.m; sourceTree = "<group>"; };
		9E4FED4D1F67D3BA004FD535 /* BusinessViewController.h */ = {isa = PBXFileReference; fileEncoding = 4; lastKnownFileType = sourcecode.c.h; path = BusinessViewController.h; sourceTree = "<group>"; };
		9E4FED4E1F67D3BA004FD535 /* BusinessViewController.m */ = {isa = PBXFileReference; fileEncoding = 4; lastKnownFileType = sourcecode.c.objc; path = BusinessViewController.m; sourceTree = "<group>"; };
		9E4FED501F67D3C3004FD535 /* OrderViewController.h */ = {isa = PBXFileReference; fileEncoding = 4; lastKnownFileType = sourcecode.c.h; path = OrderViewController.h; sourceTree = "<group>"; };
		9E4FED511F67D3C3004FD535 /* OrderViewController.m */ = {isa = PBXFileReference; fileEncoding = 4; lastKnownFileType = sourcecode.c.objc; path = OrderViewController.m; sourceTree = "<group>"; };
		9E4FED531F67D3CD004FD535 /* PersonalViewController.h */ = {isa = PBXFileReference; fileEncoding = 4; lastKnownFileType = sourcecode.c.h; path = PersonalViewController.h; sourceTree = "<group>"; };
		9E4FED541F67D3CD004FD535 /* PersonalViewController.m */ = {isa = PBXFileReference; fileEncoding = 4; lastKnownFileType = sourcecode.c.objc; path = PersonalViewController.m; sourceTree = "<group>"; };
		9E4FED571F67D9C1004FD535 /* GuideViewController.h */ = {isa = PBXFileReference; fileEncoding = 4; lastKnownFileType = sourcecode.c.h; path = GuideViewController.h; sourceTree = "<group>"; };
		9E4FED581F67D9C1004FD535 /* GuideViewController.m */ = {isa = PBXFileReference; fileEncoding = 4; lastKnownFileType = sourcecode.c.objc; path = GuideViewController.m; sourceTree = "<group>"; };
		9E4FED5E1F67E810004FD535 /* ADViewController.h */ = {isa = PBXFileReference; fileEncoding = 4; lastKnownFileType = sourcecode.c.h; path = ADViewController.h; sourceTree = "<group>"; };
		9E4FED5F1F67E810004FD535 /* ADViewController.m */ = {isa = PBXFileReference; fileEncoding = 4; lastKnownFileType = sourcecode.c.objc; path = ADViewController.m; sourceTree = "<group>"; };
		9E4FED611F67EACF004FD535 /* ADCircleView.h */ = {isa = PBXFileReference; fileEncoding = 4; lastKnownFileType = sourcecode.c.h; path = ADCircleView.h; sourceTree = "<group>"; };
		9E4FED621F67EACF004FD535 /* ADCircleView.m */ = {isa = PBXFileReference; fileEncoding = 4; lastKnownFileType = sourcecode.c.objc; path = ADCircleView.m; sourceTree = "<group>"; };
/* End PBXFileReference section */

/* Begin PBXFrameworksBuildPhase section */
		9E4FED0A1F676FB4004FD535 /* Frameworks */ = {
			isa = PBXFrameworksBuildPhase;
			buildActionMask = 2147483647;
			files = (
			);
			runOnlyForDeploymentPostprocessing = 0;
		};
/* End PBXFrameworksBuildPhase section */

/* Begin PBXGroup section */
		9E4FED041F676FB4004FD535 = {
			isa = PBXGroup;
			children = (
				9E4FED0F1F676FB4004FD535 /* ModelProject */,
				9E4FED0E1F676FB4004FD535 /* Products */,
			);
			sourceTree = "<group>";
		};
		9E4FED0E1F676FB4004FD535 /* Products */ = {
			isa = PBXGroup;
			children = (
				9E4FED0D1F676FB4004FD535 /* ModelProject.app */,
			);
			name = Products;
			sourceTree = "<group>";
		};
		9E4FED0F1F676FB4004FD535 /* ModelProject */ = {
			isa = PBXGroup;
			children = (
				9E4FED561F67D914004FD535 /* 启动控制 */,
				9E4FED301F678FF1004FD535 /* 项目 */,
				9E4FED2A1F676FD7004FD535 /* Base */,
				9E4FED131F676FB4004FD535 /* AppDelegate.h */,
				9E4FED141F676FB4004FD535 /* AppDelegate.m */,
				9E4FED1F1F676FB4004FD535 /* Assets.xcassets */,
				9E4FED211F676FB4004FD535 /* LaunchScreen.storyboard */,
				9E4FED241F676FB4004FD535 /* Info.plist */,
				9E4FED1C1F676FB4004FD535 /* ModelProject.xcdatamodeld */,
				9E4FED101F676FB4004FD535 /* Supporting Files */,
			);
			path = ModelProject;
			sourceTree = "<group>";
		};
		9E4FED101F676FB4004FD535 /* Supporting Files */ = {
			isa = PBXGroup;
			children = (
				9E4FED111F676FB4004FD535 /* main.m */,
			);
			name = "Supporting Files";
			sourceTree = "<group>";
		};
		9E4FED2A1F676FD7004FD535 /* Base */ = {
			isa = PBXGroup;
			children = (
				9E4FED2B1F67700D004FD535 /* ModelViewController.h */,
				9E4FED2C1F67700D004FD535 /* ModelViewController.m */,
				9E4FED461F67AF8D004FD535 /* BaseNavigationController.h */,
				9E4FED471F67AF8D004FD535 /* BaseNavigationController.m */,
			);
			name = Base;
			sourceTree = "<group>";
		};
		9E4FED301F678FF1004FD535 /* 项目 */ = {
			isa = PBXGroup;
			children = (
				9E4FED311F67900F004FD535 /* 首页 */,
				9E4FED351F67902E004FD535 /* 投资 */,
				9E4FED391F67906B004FD535 /* 债权 */,
				9E4FED3D1F67907E004FD535 /* 我的 */,
			);
			name = "项目";
			sourceTree = "<group>";
		};
		9E4FED311F67900F004FD535 /* 首页 */ = {
			isa = PBXGroup;
			children = (
				9E4FED4A1F67BB22004FD535 /* MainViewController.h */,
				9E4FED4B1F67BB22004FD535 /* MainViewController.m */,
			);
			name = "首页";
			sourceTree = "<group>";
		};
		9E4FED351F67902E004FD535 /* 投资 */ = {
			isa = PBXGroup;
			children = (
				9E4FED4D1F67D3BA004FD535 /* BusinessViewController.h */,
				9E4FED4E1F67D3BA004FD535 /* BusinessViewController.m */,
			);
			name = "投资";
			sourceTree = "<group>";
		};
		9E4FED391F67906B004FD535 /* 债权 */ = {
			isa = PBXGroup;
			children = (
				9E4FED501F67D3C3004FD535 /* OrderViewController.h */,
				9E4FED511F67D3C3004FD535 /* OrderViewController.m */,
			);
			name = "债权";
			sourceTree = "<group>";
		};
		9E4FED3D1F67907E004FD535 /* 我的 */ = {
			isa = PBXGroup;
			children = (
				9E4FED531F67D3CD004FD535 /* PersonalViewController.h */,
				9E4FED541F67D3CD004FD535 /* PersonalViewController.m */,
			);
			name = "我的";
			sourceTree = "<group>";
		};
		9E4FED561F67D914004FD535 /* 启动控制 */ = {
			isa = PBXGroup;
			children = (
				9E4FED5D1F67E7F8004FD535 /* 启动页广告 */,
				9E4FED5C1F67E7ED004FD535 /* 引导页 */,
			);
			name = "启动控制";
			sourceTree = "<group>";
		};
		9E4FED5C1F67E7ED004FD535 /* 引导页 */ = {
			isa = PBXGroup;
			children = (
				9E4FED571F67D9C1004FD535 /* GuideViewController.h */,
				9E4FED581F67D9C1004FD535 /* GuideViewController.m */,
			);
			name = "引导页";
			sourceTree = "<group>";
		};
		9E4FED5D1F67E7F8004FD535 /* 启动页广告 */ = {
			isa = PBXGroup;
			children = (
				9E4FED5E1F67E810004FD535 /* ADViewController.h */,
				9E4FED5F1F67E810004FD535 /* ADViewController.m */,
				9E4FED611F67EACF004FD535 /* ADCircleView.h */,
				9E4FED621F67EACF004FD535 /* ADCircleView.m */,
			);
			name = "启动页广告";
			sourceTree = "<group>";
		};
/* End PBXGroup section */

/* Begin PBXNativeTarget section */
		9E4FED0C1F676FB4004FD535 /* ModelProject */ = {
			isa = PBXNativeTarget;
			buildConfigurationList = 9E4FED271F676FB4004FD535 /* Build configuration list for PBXNativeTarget "ModelProject" */;
			buildPhases = (
				9E4FED091F676FB4004FD535 /* Sources */,
				9E4FED0A1F676FB4004FD535 /* Frameworks */,
				9E4FED0B1F676FB4004FD535 /* Resources */,
			);
			buildRules = (
			);
			dependencies = (
			);
			name = ModelProject;
			productName = ModelProject;
			productReference = 9E4FED0D1F676FB4004FD535 /* ModelProject.app */;
			productType = "com.apple.product-type.application";
		};
/* End PBXNativeTarget section */

/* Begin PBXProject section */
		9E4FED051F676FB4004FD535 /* Project object */ = {
			isa = PBXProject;
			attributes = {
				LastUpgradeCheck = 0830;
				ORGANIZATIONNAME = "曹奕程";
				TargetAttributes = {
					9E4FED0C1F676FB4004FD535 = {
						CreatedOnToolsVersion = 8.3.3;
						ProvisioningStyle = Automatic;
					};
				};
			};
			buildConfigurationList = 9E4FED081F676FB4004FD535 /* Build configuration list for PBXProject "ModelProject" */;
			compatibilityVersion = "Xcode 3.2";
			developmentRegion = English;
			hasScannedForEncodings = 0;
			knownRegions = (
				en,
				Base,
			);
			mainGroup = 9E4FED041F676FB4004FD535;
			productRefGroup = 9E4FED0E1F676FB4004FD535 /* Products */;
			projectDirPath = "";
			projectRoot = "";
			targets = (
				9E4FED0C1F676FB4004FD535 /* ModelProject */,
			);
		};
/* End PBXProject section */

/* Begin PBXResourcesBuildPhase section */
		9E4FED0B1F676FB4004FD535 /* Resources */ = {
			isa = PBXResourcesBuildPhase;
			buildActionMask = 2147483647;
			files = (
				9E4FED231F676FB4004FD535 /* LaunchScreen.storyboard in Resources */,
				9E4FED201F676FB4004FD535 /* Assets.xcassets in Resources */,
			);
			runOnlyForDeploymentPostprocessing = 0;
		};
/* End PBXResourcesBuildPhase section */

/* Begin PBXSourcesBuildPhase section */
		9E4FED091F676FB4004FD535 /* Sources */ = {
			isa = PBXSourcesBuildPhase;
			buildActionMask = 2147483647;
			files = (
				9E4FED551F67D3CD004FD535 /* PersonalViewController.m in Sources */,
				9E4FED4F1F67D3BA004FD535 /* BusinessViewController.m in Sources */,
				9E4FED2E1F67700D004FD535 /* ModelViewController.m in Sources */,
				9E4FED4C1F67BB22004FD535 /* MainViewController.m in Sources */,
				9E4FED521F67D3C3004FD535 /* OrderViewController.m in Sources */,
				9E4FED1E1F676FB4004FD535 /* ModelProject.xcdatamodeld in Sources */,
				9E4FED151F676FB4004FD535 /* AppDelegate.m in Sources */,
				9E4FED631F67EACF004FD535 /* ADCircleView.m in Sources */,
				9E4FED5A1F67D9C1004FD535 /* GuideViewController.m in Sources */,
				9E4FED121F676FB4004FD535 /* main.m in Sources */,
				9E4FED601F67E810004FD535 /* ADViewController.m in Sources */,
				9E4FED481F67AF8D004FD535 /* BaseNavigationController.m in Sources */,
			);
			runOnlyForDeploymentPostprocessing = 0;
		};
/* End PBXSourcesBuildPhase section */

/* Begin PBXVariantGroup section */
		9E4FED211F676FB4004FD535 /* LaunchScreen.storyboard */ = {
			isa = PBXVariantGroup;
			children = (
				9E4FED221F676FB4004FD535 /* Base */,
			);
			name = LaunchScreen.storyboard;
			sourceTree = "<group>";
		};
/* End PBXVariantGroup section */

/* Begin XCBuildConfiguration section */
		9E4FED251F676FB4004FD535 /* Debug */ = {
			isa = XCBuildConfiguration;
			buildSettings = {
				ALWAYS_SEARCH_USER_PATHS = NO;
				CLANG_ANALYZER_NONNULL = YES;
				CLANG_ANALYZER_NUMBER_OBJECT_CONVERSION = YES_AGGRESSIVE;
				CLANG_CXX_LANGUAGE_STANDARD = "gnu++0x";
				CLANG_CXX_LIBRARY = "libc++";
				CLANG_ENABLE_MODULES = YES;
				CLANG_ENABLE_OBJC_ARC = YES;
				CLANG_WARN_BOOL_CONVERSION = YES;
				CLANG_WARN_CONSTANT_CONVERSION = YES;
				CLANG_WARN_DIRECT_OBJC_ISA_USAGE = YES_ERROR;
				CLANG_WARN_DOCUMENTATION_COMMENTS = YES;
				CLANG_WARN_EMPTY_BODY = YES;
				CLANG_WARN_ENUM_CONVERSION = YES;
				CLANG_WARN_INFINITE_RECURSION = YES;
				CLANG_WARN_INT_CONVERSION = YES;
				CLANG_WARN_OBJC_ROOT_CLASS = YES_ERROR;
				CLANG_WARN_SUSPICIOUS_MOVE = YES;
				CLANG_WARN_UNREACHABLE_CODE = YES;
				CLANG_WARN__DUPLICATE_METHOD_MATCH = YES;
				"CODE_SIGN_IDENTITY[sdk=iphoneos*]" = "iPhone Developer";
				COPY_PHASE_STRIP = NO;
				DEBUG_INFORMATION_FORMAT = dwarf;
				ENABLE_STRICT_OBJC_MSGSEND = YES;
				ENABLE_TESTABILITY = YES;
				GCC_C_LANGUAGE_STANDARD = gnu99;
				GCC_DYNAMIC_NO_PIC = NO;
				GCC_NO_COMMON_BLOCKS = YES;
				GCC_OPTIMIZATION_LEVEL = 0;
				GCC_PREPROCESSOR_DEFINITIONS = (
					"DEBUG=1",
					"$(inherited)",
				);
				GCC_WARN_64_TO_32_BIT_CONVERSION = YES;
				GCC_WARN_ABOUT_RETURN_TYPE = YES_ERROR;
				GCC_WARN_UNDECLARED_SELECTOR = YES;
				GCC_WARN_UNINITIALIZED_AUTOS = YES_AGGRESSIVE;
				GCC_WARN_UNUSED_FUNCTION = YES;
				GCC_WARN_UNUSED_VARIABLE = YES;
				IPHONEOS_DEPLOYMENT_TARGET = 10.3;
				MTL_ENABLE_DEBUG_INFO = YES;
				ONLY_ACTIVE_ARCH = YES;
				SDKROOT = iphoneos;
			};
			name = Debug;
		};
		9E4FED261F676FB4004FD535 /* Release */ = {
			isa = XCBuildConfiguration;
			buildSettings = {
				ALWAYS_SEARCH_USER_PATHS = NO;
				CLANG_ANALYZER_NONNULL = YES;
				CLANG_ANALYZER_NUMBER_OBJECT_CONVERSION = YES_AGGRESSIVE;
				CLANG_CXX_LANGUAGE_STANDARD = "gnu++0x";
				CLANG_CXX_LIBRARY = "libc++";
				CLANG_ENABLE_MODULES = YES;
				CLANG_ENABLE_OBJC_ARC = YES;
				CLANG_WARN_BOOL_CONVERSION = YES;
				CLANG_WARN_CONSTANT_CONVERSION = YES;
				CLANG_WARN_DIRECT_OBJC_ISA_USAGE = YES_ERROR;
				CLANG_WARN_DOCUMENTATION_COMMENTS = YES;
				CLANG_WARN_EMPTY_BODY = YES;
				CLANG_WARN_ENUM_CONVERSION = YES;
				CLANG_WARN_INFINITE_RECURSION = YES;
				CLANG_WARN_INT_CONVERSION = YES;
				CLANG_WARN_OBJC_ROOT_CLASS = YES_ERROR;
				CLANG_WARN_SUSPICIOUS_MOVE = YES;
				CLANG_WARN_UNREACHABLE_CODE = YES;
				CLANG_WARN__DUPLICATE_METHOD_MATCH = YES;
				"CODE_SIGN_IDENTITY[sdk=iphoneos*]" = "iPhone Developer";
				COPY_PHASE_STRIP = NO;
				DEBUG_INFORMATION_FORMAT = "dwarf-with-dsym";
				ENABLE_NS_ASSERTIONS = NO;
				ENABLE_STRICT_OBJC_MSGSEND = YES;
				GCC_C_LANGUAGE_STANDARD = gnu99;
				GCC_NO_COMMON_BLOCKS = YES;
				GCC_WARN_64_TO_32_BIT_CONVERSION = YES;
				GCC_WARN_ABOUT_RETURN_TYPE = YES_ERROR;
				GCC_WARN_UNDECLARED_SELECTOR = YES;
				GCC_WARN_UNINITIALIZED_AUTOS = YES_AGGRESSIVE;
				GCC_WARN_UNUSED_FUNCTION = YES;
				GCC_WARN_UNUSED_VARIABLE = YES;
				IPHONEOS_DEPLOYMENT_TARGET = 10.3;
				MTL_ENABLE_DEBUG_INFO = NO;
				SDKROOT = iphoneos;
				VALIDATE_PRODUCT = YES;
			};
			name = Release;
		};
		9E4FED281F676FB4004FD535 /* Debug */ = {
			isa = XCBuildConfiguration;
			buildSettings = {
				INFOPLIST_FILE = ModelProject/Info.plist;
				IPHONEOS_DEPLOYMENT_TARGET = 8.0;
				LD_RUNPATH_SEARCH_PATHS = "$(inherited) @executable_path/Frameworks";
				PRODUCT_BUNDLE_IDENTIFIER = CYC666.ModelProject;
				PRODUCT_NAME = "$(TARGET_NAME)";
			};
			name = Debug;
		};
		9E4FED291F676FB4004FD535 /* Release */ = {
			isa = XCBuildConfiguration;
			buildSettings = {
				INFOPLIST_FILE = ModelProject/Info.plist;
				IPHONEOS_DEPLOYMENT_TARGET = 8.0;
				LD_RUNPATH_SEARCH_PATHS = "$(inherited) @executable_path/Frameworks";
				PRODUCT_BUNDLE_IDENTIFIER = CYC666.ModelProject;
				PRODUCT_NAME = "$(TARGET_NAME)";
			};
			name = Release;
		};
/* End XCBuildConfiguration section */

/* Begin XCConfigurationList section */
		9E4FED081F676FB4004FD535 /* Build configuration list for PBXProject "ModelProject" */ = {
			isa = XCConfigurationList;
			buildConfigurations = (
				9E4FED251F676FB4004FD535 /* Debug */,
				9E4FED261F676FB4004FD535 /* Release */,
			);
			defaultConfigurationIsVisible = 0;
			defaultConfigurationName = Release;
		};
		9E4FED271F676FB4004FD535 /* Build configuration list for PBXNativeTarget "ModelProject" */ = {
			isa = XCConfigurationList;
			buildConfigurations = (
				9E4FED281F676FB4004FD535 /* Debug */,
				9E4FED291F676FB4004FD535 /* Release */,
			);
			defaultConfigurationIsVisible = 0;
		};
/* End XCConfigurationList section */

/* Begin XCVersionGroup section */
		9E4FED1C1F676FB4004FD535 /* ModelProject.xcdatamodeld */ = {
			isa = XCVersionGroup;
			children = (
				9E4FED1D1F676FB4004FD535 /* ModelProject.xcdatamodel */,
			);
			currentVersion = 9E4FED1D1F676FB4004FD535 /* ModelProject.xcdatamodel */;
			path = ModelProject.xcdatamodeld;
			sourceTree = "<group>";
			versionGroupType = wrapper.xcdatamodel;
		};
/* End XCVersionGroup section */
	};
	rootObject = 9E4FED051F676FB4004FD535 /* Project object */;
}
